
Microsoft Visual Studio Solution File, Format Version 12.00
# Visual Studio Version 17
VisualStudioVersion = 17.7.34202.233
MinimumVisualStudioVersion = 10.0.40219.1
Project("{FAE04EC0-301F-11D3-BF4B-00C04F79EFBC}") = "ShoppingDB_API_EF", "ShoppingDB_API_EF.csproj", "{AA01A85C-5A64-4F37-8089-E9BF8AAA7CB8}"
EndProject
Global
	GlobalSection(SolutionConfigurationPlatforms) = preSolution
		Debug|Any CPU = Debug|Any CPU
		Release|Any CPU = Release|Any CPU
	EndGlobalSection
	GlobalSection(ProjectConfigurationPlatforms) = postSolution
		{AA01A85C-5A64-4F37-8089-E9BF8AAA7CB8}.Debug|Any CPU.ActiveCfg = Debug|Any CPU
		{AA01A85C-5A64-4F37-8089-E9BF8AAA7CB8}.Debug|Any CPU.Build.0 = Debug|Any CPU
		{AA01A85C-5A64-4F37-8089-E9BF8AAA7CB8}.Release|Any CPU.ActiveCfg = Release|Any CPU
		{AA01A85C-5A64-4F37-8089-E9BF8AAA7CB8}.Release|Any CPU.Build.0 = Release|Any CPU
	EndGlobalSection
	GlobalSection(SolutionProperties) = preSolution
		HideSolutionNode = FALSE
	EndGlobalSection
	GlobalSection(ExtensibilityGlobals) = postSolution
		SolutionGuid = {0E3CFC9C-70AC-4902-AC42-64F79E7CB395}
	EndGlobalSection
EndGlobal
