
Microsoft Visual Studio Solution File, Format Version 12.00
# Visual Studio Version 17
VisualStudioVersion = 17.7.34202.233
MinimumVisualStudioVersion = 10.0.40219.1
Project("{FAE04EC0-301F-11D3-BF4B-00C04F79EFBC}") = "LINQ_To_Collection", "LINQ_To_Collection.csproj", "{1AD84A81-4777-4C8C-8C0A-D71FDFDDF23A}"
EndProject
Global
	GlobalSection(SolutionConfigurationPlatforms) = preSolution
		Debug|Any CPU = Debug|Any CPU
		Release|Any CPU = Release|Any CPU
	EndGlobalSection
	GlobalSection(ProjectConfigurationPlatforms) = postSolution
		{1AD84A81-4777-4C8C-8C0A-D71FDFDDF23A}.Debug|Any CPU.ActiveCfg = Debug|Any CPU
		{1AD84A81-4777-4C8C-8C0A-D71FDFDDF23A}.Debug|Any CPU.Build.0 = Debug|Any CPU
		{1AD84A81-4777-4C8C-8C0A-D71FDFDDF23A}.Release|Any CPU.ActiveCfg = Release|Any CPU
		{1AD84A81-4777-4C8C-8C0A-D71FDFDDF23A}.Release|Any CPU.Build.0 = Release|Any CPU
	EndGlobalSection
	GlobalSection(SolutionProperties) = preSolution
		HideSolutionNode = FALSE
	EndGlobalSection
	GlobalSection(ExtensibilityGlobals) = postSolution
		SolutionGuid = {37C4A17F-35C2-48BB-9E86-A3C3D66BBF2F}
	EndGlobalSection
EndGlobal
