
Microsoft Visual Studio Solution File, Format Version 12.00
# Visual Studio Version 17
VisualStudioVersion = 17.7.34202.233
MinimumVisualStudioVersion = 10.0.40219.1
Project("{FAE04EC0-301F-11D3-BF4B-00C04F79EFBC}") = "InsuranceManagement", "InsuranceManagement.csproj", "{419A438F-D8A7-4BAA-AF17-FEF81CBE53A0}"
EndProject
Global
	GlobalSection(SolutionConfigurationPlatforms) = preSolution
		Debug|Any CPU = Debug|Any CPU
		Release|Any CPU = Release|Any CPU
	EndGlobalSection
	GlobalSection(ProjectConfigurationPlatforms) = postSolution
		{419A438F-D8A7-4BAA-AF17-FEF81CBE53A0}.Debug|Any CPU.ActiveCfg = Debug|Any CPU
		{419A438F-D8A7-4BAA-AF17-FEF81CBE53A0}.Debug|Any CPU.Build.0 = Debug|Any CPU
		{419A438F-D8A7-4BAA-AF17-FEF81CBE53A0}.Release|Any CPU.ActiveCfg = Release|Any CPU
		{419A438F-D8A7-4BAA-AF17-FEF81CBE53A0}.Release|Any CPU.Build.0 = Release|Any CPU
	EndGlobalSection
	GlobalSection(SolutionProperties) = preSolution
		HideSolutionNode = FALSE
	EndGlobalSection
	GlobalSection(ExtensibilityGlobals) = postSolution
		SolutionGuid = {6BDC2604-DE53-4C96-A374-7F800214368C}
	EndGlobalSection
EndGlobal
